
Microsoft Visual Studio Solution File, Format Version 12.00
# Visual Studio Version 17
VisualStudioVersion = 17.8.34309.116
MinimumVisualStudioVersion = 10.0.40219.1
Project("{9A19103F-16F7-4668-BE54-9A1E7A4F7556}") = "ContactBook_Console", "ContactBook_Console\ContactBook_Console.csproj", "{332723F5-2C8F-4E9C-A3E8-E8FDB4CAF4F9}"
EndProject
Project("{9A19103F-16F7-4668-BE54-9A1E7A4F7556}") = "ContactBookLibrary", "ContactBookLibrary\ContactBookLibrary.csproj", "{8C85C807-BE66-41F8-A775-02755B37644D}"
EndProject
Project("{9A19103F-16F7-4668-BE54-9A1E7A4F7556}") = "ContactBook_Tests", "ContactBook_Tests\ContactBook_Tests.csproj", "{B724D420-A451-4C90-A05D-7C4B79E619A4}"
EndProject
Project("{FAE04EC0-301F-11D3-BF4B-00C04F79EFBC}") = "MauiContactBook", "MauiContactBook\MauiContactBook.csproj", "{EE92F5F7-CFB7-4DE9-8D72-6D8368FCE49E}"
EndProject
Global
	GlobalSection(SolutionConfigurationPlatforms) = preSolution
		Debug|Any CPU = Debug|Any CPU
		Release|Any CPU = Release|Any CPU
	EndGlobalSection
	GlobalSection(ProjectConfigurationPlatforms) = postSolution
		{332723F5-2C8F-4E9C-A3E8-E8FDB4CAF4F9}.Debug|Any CPU.ActiveCfg = Debug|Any CPU
		{332723F5-2C8F-4E9C-A3E8-E8FDB4CAF4F9}.Debug|Any CPU.Build.0 = Debug|Any CPU
		{332723F5-2C8F-4E9C-A3E8-E8FDB4CAF4F9}.Release|Any CPU.ActiveCfg = Release|Any CPU
		{332723F5-2C8F-4E9C-A3E8-E8FDB4CAF4F9}.Release|Any CPU.Build.0 = Release|Any CPU
		{8C85C807-BE66-41F8-A775-02755B37644D}.Debug|Any CPU.ActiveCfg = Debug|Any CPU
		{8C85C807-BE66-41F8-A775-02755B37644D}.Debug|Any CPU.Build.0 = Debug|Any CPU
		{8C85C807-BE66-41F8-A775-02755B37644D}.Release|Any CPU.ActiveCfg = Release|Any CPU
		{8C85C807-BE66-41F8-A775-02755B37644D}.Release|Any CPU.Build.0 = Release|Any CPU
		{B724D420-A451-4C90-A05D-7C4B79E619A4}.Debug|Any CPU.ActiveCfg = Debug|Any CPU
		{B724D420-A451-4C90-A05D-7C4B79E619A4}.Debug|Any CPU.Build.0 = Debug|Any CPU
		{B724D420-A451-4C90-A05D-7C4B79E619A4}.Release|Any CPU.ActiveCfg = Release|Any CPU
		{B724D420-A451-4C90-A05D-7C4B79E619A4}.Release|Any CPU.Build.0 = Release|Any CPU
		{EE92F5F7-CFB7-4DE9-8D72-6D8368FCE49E}.Debug|Any CPU.ActiveCfg = Debug|Any CPU
		{EE92F5F7-CFB7-4DE9-8D72-6D8368FCE49E}.Debug|Any CPU.Build.0 = Debug|Any CPU
		{EE92F5F7-CFB7-4DE9-8D72-6D8368FCE49E}.Debug|Any CPU.Deploy.0 = Debug|Any CPU
		{EE92F5F7-CFB7-4DE9-8D72-6D8368FCE49E}.Release|Any CPU.ActiveCfg = Release|Any CPU
		{EE92F5F7-CFB7-4DE9-8D72-6D8368FCE49E}.Release|Any CPU.Build.0 = Release|Any CPU
		{EE92F5F7-CFB7-4DE9-8D72-6D8368FCE49E}.Release|Any CPU.Deploy.0 = Release|Any CPU
	EndGlobalSection
	GlobalSection(SolutionProperties) = preSolution
		HideSolutionNode = FALSE
	EndGlobalSection
	GlobalSection(ExtensibilityGlobals) = postSolution
		SolutionGuid = {70363CB4-1F3D-408F-B4DA-FEFC5EA5586D}
	EndGlobalSection
EndGlobal
